
Microsoft Visual Studio Solution File, Format Version 12.00
# Visual Studio Version 16
VisualStudioVersion = 16.0.29613.14
MinimumVisualStudioVersion = 10.0.40219.1
Project("{9A19103F-16F7-4668-BE54-9A1E7A4F7556}") = "FoodVendsorsOfYVR+", "FoodVendsorsOfYVR+\FoodVendsorsOfYVR+.csproj", "{14F66F5C-B0B9-4937-AD11-7AE3D7B40430}"
EndProject
Global
	GlobalSection(SolutionConfigurationPlatforms) = preSolution
		Debug|Any CPU = Debug|Any CPU
		Release|Any CPU = Release|Any CPU
	EndGlobalSection
	GlobalSection(ProjectConfigurationPlatforms) = postSolution
		{14F66F5C-B0B9-4937-AD11-7AE3D7B40430}.Debug|Any CPU.ActiveCfg = Debug|Any CPU
		{14F66F5C-B0B9-4937-AD11-7AE3D7B40430}.Debug|Any CPU.Build.0 = Debug|Any CPU
		{14F66F5C-B0B9-4937-AD11-7AE3D7B40430}.Release|Any CPU.ActiveCfg = Release|Any CPU
		{14F66F5C-B0B9-4937-AD11-7AE3D7B40430}.Release|Any CPU.Build.0 = Release|Any CPU
	EndGlobalSection
	GlobalSection(SolutionProperties) = preSolution
		HideSolutionNode = FALSE
	EndGlobalSection
	GlobalSection(ExtensibilityGlobals) = postSolution
		SolutionGuid = {8F886B4F-51C5-4A2B-A533-BA1F23FBE0CC}
	EndGlobalSection
EndGlobal
